
Microsoft Visual Studio Solution File, Format Version 12.00
# Visual Studio Version 17
VisualStudioVersion = 17.10.35013.160
MinimumVisualStudioVersion = 10.0.40219.1
Project("{9A19103F-16F7-4668-BE54-9A1E7A4F7556}") = "Services", "Services\Services.csproj", "{427FCAA5-D335-4D02-BB23-53BF74719953}"
EndProject
Project("{FAE04EC0-301F-11D3-BF4B-00C04F79EFBC}") = "Console", "Console\Console.csproj", "{5F4E71E2-C196-4E7C-B3FC-799739DC62B2}"
EndProject
Project("{FAE04EC0-301F-11D3-BF4B-00C04F79EFBC}") = "Tests", "Tests\Tests.csproj", "{A234B615-6897-49D3-B318-3EA319BE76CC}"
EndProject
Project("{FAE04EC0-301F-11D3-BF4B-00C04F79EFBC}") = "Common", "Common\Common.csproj", "{E25F3792-BBAF-4170-B5FB-E517721CBD80}"
EndProject
Project("{FAE04EC0-301F-11D3-BF4B-00C04F79EFBC}") = "WorkerService", "WorkerService\WorkerService.csproj", "{A015BEB9-520B-49BD-81FF-70288D25CAF4}"
EndProject
Global
	GlobalSection(SolutionConfigurationPlatforms) = preSolution
		Debug|Any CPU = Debug|Any CPU
		Release|Any CPU = Release|Any CPU
	EndGlobalSection
	GlobalSection(ProjectConfigurationPlatforms) = postSolution
		{427FCAA5-D335-4D02-BB23-53BF74719953}.Debug|Any CPU.ActiveCfg = Debug|Any CPU
		{427FCAA5-D335-4D02-BB23-53BF74719953}.Debug|Any CPU.Build.0 = Debug|Any CPU
		{427FCAA5-D335-4D02-BB23-53BF74719953}.Release|Any CPU.ActiveCfg = Release|Any CPU
		{427FCAA5-D335-4D02-BB23-53BF74719953}.Release|Any CPU.Build.0 = Release|Any CPU
		{5F4E71E2-C196-4E7C-B3FC-799739DC62B2}.Debug|Any CPU.ActiveCfg = Debug|Any CPU
		{5F4E71E2-C196-4E7C-B3FC-799739DC62B2}.Debug|Any CPU.Build.0 = Debug|Any CPU
		{5F4E71E2-C196-4E7C-B3FC-799739DC62B2}.Release|Any CPU.ActiveCfg = Release|Any CPU
		{5F4E71E2-C196-4E7C-B3FC-799739DC62B2}.Release|Any CPU.Build.0 = Release|Any CPU
		{A234B615-6897-49D3-B318-3EA319BE76CC}.Debug|Any CPU.ActiveCfg = Debug|Any CPU
		{A234B615-6897-49D3-B318-3EA319BE76CC}.Debug|Any CPU.Build.0 = Debug|Any CPU
		{A234B615-6897-49D3-B318-3EA319BE76CC}.Release|Any CPU.ActiveCfg = Release|Any CPU
		{A234B615-6897-49D3-B318-3EA319BE76CC}.Release|Any CPU.Build.0 = Release|Any CPU
		{E25F3792-BBAF-4170-B5FB-E517721CBD80}.Debug|Any CPU.ActiveCfg = Debug|Any CPU
		{E25F3792-BBAF-4170-B5FB-E517721CBD80}.Debug|Any CPU.Build.0 = Debug|Any CPU
		{E25F3792-BBAF-4170-B5FB-E517721CBD80}.Release|Any CPU.ActiveCfg = Release|Any CPU
		{E25F3792-BBAF-4170-B5FB-E517721CBD80}.Release|Any CPU.Build.0 = Release|Any CPU
		{A015BEB9-520B-49BD-81FF-70288D25CAF4}.Debug|Any CPU.ActiveCfg = Debug|Any CPU
		{A015BEB9-520B-49BD-81FF-70288D25CAF4}.Debug|Any CPU.Build.0 = Debug|Any CPU
		{A015BEB9-520B-49BD-81FF-70288D25CAF4}.Release|Any CPU.ActiveCfg = Release|Any CPU
		{A015BEB9-520B-49BD-81FF-70288D25CAF4}.Release|Any CPU.Build.0 = Release|Any CPU
	EndGlobalSection
	GlobalSection(SolutionProperties) = preSolution
		HideSolutionNode = FALSE
	EndGlobalSection
	GlobalSection(ExtensibilityGlobals) = postSolution
		SolutionGuid = {8CFE1071-FC70-47AF-9914-E230EDEB85B3}
	EndGlobalSection
EndGlobal
